version = 1
revision = 3
requires-python = ">=3.14"

[manifest]
members = [
    "ai-client",
    "mindjira",
]

[[package]]
name = "ai-client"
version = "0.1.0"
source = { virtual = "packages/ai-client" }
dependencies = [
    { name = "redis" },
]

[package.metadata]
requires-dist = [{ name = "redis", specifier = ">=8.0.0" }]

[[package]]
name = "mindjira"
version = "0.1.0"
source = { virtual = "." }

[[package]]
name = "redis"
version = "8.0.0"
source = { registry = "https://pypi.org/simple" }
sdist = { url = "https://files.pythonhosted.org/packages/53/ae/ed461cca5780b5fc8b9fe8ca0ed98d89508645fb9d880c24cc42c087678f/redis-8.0.0.tar.gz", hash = "sha256:a00c5355432051ac14e593b8b197fc76c887ee12d55a0984f69328a1115fdc49", size = 5101591, upload-time = "2026-05-28T12:45:13.5Z" }
wheels = [
    { url = "https://files.pythonhosted.org/packages/27/e3/b519734372d305bd547534a9f32e4ce9f98552af753dce72cf3483a0ff0b/redis-8.0.0-py3-none-any.whl", hash = "sha256:c938c18338585009f0bc310f4c7e4e4b4d37639356c4ac072cedf3af570c8dc7", size = 499870, upload-time = "2026-05-28T12:45:11.697Z" },
]
